
Microsoft Visual Studio Solution File, Format Version 12.00
# Visual Studio Version 17
VisualStudioVersion = 17.11.35327.3
MinimumVisualStudioVersion = 10.0.40219.1
Project("{FAE04EC0-301F-11D3-BF4B-00C04F79EFBC}") = "AssetTrackingDB", "AssetTrackingDB.csproj", "{002A6DAA-3366-4C92-A01F-811F71810A9D}"
EndProject
Global
	GlobalSection(SolutionConfigurationPlatforms) = preSolution
		Debug|Any CPU = Debug|Any CPU
		Release|Any CPU = Release|Any CPU
	EndGlobalSection
	GlobalSection(ProjectConfigurationPlatforms) = postSolution
		{002A6DAA-3366-4C92-A01F-811F71810A9D}.Debug|Any CPU.ActiveCfg = Debug|Any CPU
		{002A6DAA-3366-4C92-A01F-811F71810A9D}.Debug|Any CPU.Build.0 = Debug|Any CPU
		{002A6DAA-3366-4C92-A01F-811F71810A9D}.Release|Any CPU.ActiveCfg = Release|Any CPU
		{002A6DAA-3366-4C92-A01F-811F71810A9D}.Release|Any CPU.Build.0 = Release|Any CPU
	EndGlobalSection
	GlobalSection(SolutionProperties) = preSolution
		HideSolutionNode = FALSE
	EndGlobalSection
	GlobalSection(ExtensibilityGlobals) = postSolution
		SolutionGuid = {0C566DBC-3041-4B8B-9CAC-2A96ED20B79E}
	EndGlobalSection
EndGlobal
